
Microsoft Visual Studio Solution File, Format Version 12.00
# Visual Studio 15
VisualStudioVersion = 15.0.26403.7
MinimumVisualStudioVersion = 10.0.40219.1
Project("{FAE04EC0-301F-11D3-BF4B-00C04F79EFBC}") = "Sova", "Sova\Sova.csproj", "{9B07E541-4E86-49D2-A101-BF56DADF9E84}"
EndProject
Project("{FAE04EC0-301F-11D3-BF4B-00C04F79EFBC}") = "DomainModel", "DomainModel\DomainModel.csproj", "{035EDC85-3D1E-4994-AB08-71A89AF9D36F}"
EndProject
Project("{FAE04EC0-301F-11D3-BF4B-00C04F79EFBC}") = "DataAccessLayer", "DataAccessLayer\DataAccessLayer.csproj", "{6C0806F1-5A56-47C6-84E2-32EABA2CE441}"
EndProject
Project("{FAE04EC0-301F-11D3-BF4B-00C04F79EFBC}") = "SovaDatabase", "SovaDatabase\SovaDatabase.csproj", "{5080534E-428F-4BB5-9F04-2C945BE37DA9}"
EndProject
Global
	GlobalSection(SolutionConfigurationPlatforms) = preSolution
		Debug|Any CPU = Debug|Any CPU
		Release|Any CPU = Release|Any CPU
	EndGlobalSection
	GlobalSection(ProjectConfigurationPlatforms) = postSolution
		{9B07E541-4E86-49D2-A101-BF56DADF9E84}.Debug|Any CPU.ActiveCfg = Debug|Any CPU
		{9B07E541-4E86-49D2-A101-BF56DADF9E84}.Debug|Any CPU.Build.0 = Debug|Any CPU
		{9B07E541-4E86-49D2-A101-BF56DADF9E84}.Release|Any CPU.ActiveCfg = Release|Any CPU
		{9B07E541-4E86-49D2-A101-BF56DADF9E84}.Release|Any CPU.Build.0 = Release|Any CPU
		{035EDC85-3D1E-4994-AB08-71A89AF9D36F}.Debug|Any CPU.ActiveCfg = Debug|Any CPU
		{035EDC85-3D1E-4994-AB08-71A89AF9D36F}.Debug|Any CPU.Build.0 = Debug|Any CPU
		{035EDC85-3D1E-4994-AB08-71A89AF9D36F}.Release|Any CPU.ActiveCfg = Release|Any CPU
		{035EDC85-3D1E-4994-AB08-71A89AF9D36F}.Release|Any CPU.Build.0 = Release|Any CPU
		{6C0806F1-5A56-47C6-84E2-32EABA2CE441}.Debug|Any CPU.ActiveCfg = Debug|Any CPU
		{6C0806F1-5A56-47C6-84E2-32EABA2CE441}.Debug|Any CPU.Build.0 = Debug|Any CPU
		{6C0806F1-5A56-47C6-84E2-32EABA2CE441}.Release|Any CPU.ActiveCfg = Release|Any CPU
		{6C0806F1-5A56-47C6-84E2-32EABA2CE441}.Release|Any CPU.Build.0 = Release|Any CPU
		{5080534E-428F-4BB5-9F04-2C945BE37DA9}.Debug|Any CPU.ActiveCfg = Debug|Any CPU
		{5080534E-428F-4BB5-9F04-2C945BE37DA9}.Debug|Any CPU.Build.0 = Debug|Any CPU
		{5080534E-428F-4BB5-9F04-2C945BE37DA9}.Release|Any CPU.ActiveCfg = Release|Any CPU
		{5080534E-428F-4BB5-9F04-2C945BE37DA9}.Release|Any CPU.Build.0 = Release|Any CPU
	EndGlobalSection
	GlobalSection(SolutionProperties) = preSolution
		HideSolutionNode = FALSE
	EndGlobalSection
EndGlobal
